
Microsoft Visual Studio Solution File, Format Version 12.00
# Visual Studio Version 17
VisualStudioVersion = 17.5.33424.131
MinimumVisualStudioVersion = 10.0.40219.1
Project("{8BC9CEB8-8B4A-11D0-8D11-00A0C91BC942}") = "multipewarisan", "multipewarisan\multipewarisan.vcxproj", "{443EF45D-748B-41B0-B1FF-48B357887726}"
EndProject
Project("{8BC9CEB8-8B4A-11D0-8D11-00A0C91BC942}") = "problemmultiwaris", "problemmultiwaris\problemmultiwaris.vcxproj", "{382500AC-15E7-459E-8357-1930F99A5332}"
EndProject
Project("{8BC9CEB8-8B4A-11D0-8D11-00A0C91BC942}") = "solveMultiwaris", "solveMultiwaris\solveMultiwaris.vcxproj", "{6B7D33CD-C2C9-4DAE-A838-665EAEF92F76}"
EndProject
Project("{8BC9CEB8-8B4A-11D0-8D11-00A0C91BC942}") = "polimorpi", "polimorpi\polimorpi.vcxproj", "{0F65EFFA-7E3E-4659-ACE4-843EEDB3CF86}"
EndProject
Global
	GlobalSection(SolutionConfigurationPlatforms) = preSolution
		Debug|x64 = Debug|x64
		Debug|x86 = Debug|x86
		Release|x64 = Release|x64
		Release|x86 = Release|x86
	EndGlobalSection
	GlobalSection(ProjectConfigurationPlatforms) = postSolution
		{443EF45D-748B-41B0-B1FF-48B357887726}.Debug|x64.ActiveCfg = Debug|x64
		{443EF45D-748B-41B0-B1FF-48B357887726}.Debug|x64.Build.0 = Debug|x64
		{443EF45D-748B-41B0-B1FF-48B357887726}.Debug|x86.ActiveCfg = Debug|Win32
		{443EF45D-748B-41B0-B1FF-48B357887726}.Debug|x86.Build.0 = Debug|Win32
		{443EF45D-748B-41B0-B1FF-48B357887726}.Release|x64.ActiveCfg = Release|x64
		{443EF45D-748B-41B0-B1FF-48B357887726}.Release|x64.Build.0 = Release|x64
		{443EF45D-748B-41B0-B1FF-48B357887726}.Release|x86.ActiveCfg = Release|Win32
		{443EF45D-748B-41B0-B1FF-48B357887726}.Release|x86.Build.0 = Release|Win32
		{382500AC-15E7-459E-8357-1930F99A5332}.Debug|x64.ActiveCfg = Debug|x64
		{382500AC-15E7-459E-8357-1930F99A5332}.Debug|x64.Build.0 = Debug|x64
		{382500AC-15E7-459E-8357-1930F99A5332}.Debug|x86.ActiveCfg = Debug|Win32
		{382500AC-15E7-459E-8357-1930F99A5332}.Debug|x86.Build.0 = Debug|Win32
		{382500AC-15E7-459E-8357-1930F99A5332}.Release|x64.ActiveCfg = Release|x64
		{382500AC-15E7-459E-8357-1930F99A5332}.Release|x64.Build.0 = Release|x64
		{382500AC-15E7-459E-8357-1930F99A5332}.Release|x86.ActiveCfg = Release|Win32
		{382500AC-15E7-459E-8357-1930F99A5332}.Release|x86.Build.0 = Release|Win32
		{6B7D33CD-C2C9-4DAE-A838-665EAEF92F76}.Debug|x64.ActiveCfg = Debug|x64
		{6B7D33CD-C2C9-4DAE-A838-665EAEF92F76}.Debug|x64.Build.0 = Debug|x64
		{6B7D33CD-C2C9-4DAE-A838-665EAEF92F76}.Debug|x86.ActiveCfg = Debug|Win32
		{6B7D33CD-C2C9-4DAE-A838-665EAEF92F76}.Debug|x86.Build.0 = Debug|Win32
		{6B7D33CD-C2C9-4DAE-A838-665EAEF92F76}.Release|x64.ActiveCfg = Release|x64
		{6B7D33CD-C2C9-4DAE-A838-665EAEF92F76}.Release|x64.Build.0 = Release|x64
		{6B7D33CD-C2C9-4DAE-A838-665EAEF92F76}.Release|x86.ActiveCfg = Release|Win32
		{6B7D33CD-C2C9-4DAE-A838-665EAEF92F76}.Release|x86.Build.0 = Release|Win32
		{0F65EFFA-7E3E-4659-ACE4-843EEDB3CF86}.Debug|x64.ActiveCfg = Debug|x64
		{0F65EFFA-7E3E-4659-ACE4-843EEDB3CF86}.Debug|x64.Build.0 = Debug|x64
		{0F65EFFA-7E3E-4659-ACE4-843EEDB3CF86}.Debug|x86.ActiveCfg = Debug|Win32
		{0F65EFFA-7E3E-4659-ACE4-843EEDB3CF86}.Debug|x86.Build.0 = Debug|Win32
		{0F65EFFA-7E3E-4659-ACE4-843EEDB3CF86}.Release|x64.ActiveCfg = Release|x64
		{0F65EFFA-7E3E-4659-ACE4-843EEDB3CF86}.Release|x64.Build.0 = Release|x64
		{0F65EFFA-7E3E-4659-ACE4-843EEDB3CF86}.Release|x86.ActiveCfg = Release|Win32
		{0F65EFFA-7E3E-4659-ACE4-843EEDB3CF86}.Release|x86.Build.0 = Release|Win32
	EndGlobalSection
	GlobalSection(SolutionProperties) = preSolution
		HideSolutionNode = FALSE
	EndGlobalSection
	GlobalSection(ExtensibilityGlobals) = postSolution
		SolutionGuid = {5DACBBC7-C4BE-4D23-92EF-797035EF1035}
	EndGlobalSection
EndGlobal
